
Microsoft Visual Studio Solution File, Format Version 12.00
# Visual Studio Version 16
VisualStudioVersion = 16.0.29806.167
MinimumVisualStudioVersion = 10.0.40219.1
Project("{9A19103F-16F7-4668-BE54-9A1E7A4F7556}") = "MVCJWTTokenDemo", "MVCJWTTokenDemo.csproj", "{48A50B4B-1EF8-4D67-92C2-F893E243973C}"
EndProject
Project("{FAE04EC0-301F-11D3-BF4B-00C04F79EFBC}") = "MVCUI", "..\MVCUI\MVCUI.csproj", "{B493B8E8-6ED8-458A-9742-1E24656FC1A1}"
EndProject
Global
	GlobalSection(SolutionConfigurationPlatforms) = preSolution
		Debug|Any CPU = Debug|Any CPU
		Release|Any CPU = Release|Any CPU
	EndGlobalSection
	GlobalSection(ProjectConfigurationPlatforms) = postSolution
		{48A50B4B-1EF8-4D67-92C2-F893E243973C}.Debug|Any CPU.ActiveCfg = Debug|Any CPU
		{48A50B4B-1EF8-4D67-92C2-F893E243973C}.Debug|Any CPU.Build.0 = Debug|Any CPU
		{48A50B4B-1EF8-4D67-92C2-F893E243973C}.Release|Any CPU.ActiveCfg = Release|Any CPU
		{48A50B4B-1EF8-4D67-92C2-F893E243973C}.Release|Any CPU.Build.0 = Release|Any CPU
		{B493B8E8-6ED8-458A-9742-1E24656FC1A1}.Debug|Any CPU.ActiveCfg = Debug|Any CPU
		{B493B8E8-6ED8-458A-9742-1E24656FC1A1}.Debug|Any CPU.Build.0 = Debug|Any CPU
		{B493B8E8-6ED8-458A-9742-1E24656FC1A1}.Release|Any CPU.ActiveCfg = Release|Any CPU
		{B493B8E8-6ED8-458A-9742-1E24656FC1A1}.Release|Any CPU.Build.0 = Release|Any CPU
	EndGlobalSection
	GlobalSection(SolutionProperties) = preSolution
		HideSolutionNode = FALSE
	EndGlobalSection
	GlobalSection(ExtensibilityGlobals) = postSolution
		SolutionGuid = {40AD3465-91D2-4644-AD6D-FDA8C9007146}
	EndGlobalSection
EndGlobal
